dependencies:
- name: ric-common
  repository: http://127.0.0.1:8879/charts
  version: 3.3.2
- name: extsvcplt
  repository: file://subcharts/extsvcplt
  version: 0.2.0
- name: docker-credential
  repository: file://./subcharts/docker-credential
  version: 1.0.0
- name: kong
  repository: file://./subcharts/kong
  version: 2.37.1
- name: certificate-manager
  repository: file://./subcharts/certificate-manager
  version: 0.1.0
- name: danm-networks
  repository: file://./subcharts/danm-networks
  version: 1.0.0
- name: prometheus
  repository: file://./subcharts/prometheus
  version: 11.3.0
digest: sha256:b4cf06fecfa7ffc70b4b27a0e6290d7400e65738c05c7412bf5ae83f066af204
generated: "2024-02-21T13:57:26.862713543Z"
